
Microsoft Visual Studio Solution File, Format Version 12.00
# Visual Studio Version 17
VisualStudioVersion = 17.0.31903.59
MinimumVisualStudioVersion = 10.0.40219.1
Project("{2150E333-8FDC-42A3-9474-1A3956D46DE8}") = "src", "src", "{827E0CD3-B72D-47B6-A68D-7590B98EB39B}"
EndProject
Project("{FAE04EC0-301F-11D3-BF4B-00C04F79EFBC}") = "EMR.API", "src\EMR.API\EMR.API.csproj", "{30B69116-97BD-4637-9FA2-D4848CCB7416}"
EndProject
Project("{FAE04EC0-301F-11D3-BF4B-00C04F79EFBC}") = "EMR.Core", "src\EMR.Core\EMR.Core.csproj", "{0530FB01-D734-40D1-9912-0E0A7DD6D1C5}"
EndProject
Project("{FAE04EC0-301F-11D3-BF4B-00C04F79EFBC}") = "EMR.Application", "src\EMR.Application\EMR.Application.csproj", "{1D366400-A543-4FB7-BFEE-9B1F6CB0900B}"
EndProject
Project("{FAE04EC0-301F-11D3-BF4B-00C04F79EFBC}") = "EMR.Infrastructure", "src\EMR.Infrastructure\EMR.Infrastructure.csproj", "{A9ECF1D5-1432-4FAE-B8AD-B31C806EDF52}"
EndProject
Global
	GlobalSection(SolutionConfigurationPlatforms) = preSolution
		Debug|Any CPU = Debug|Any CPU
		Debug|x64 = Debug|x64
		Debug|x86 = Debug|x86
		Release|Any CPU = Release|Any CPU
		Release|x64 = Release|x64
		Release|x86 = Release|x86
	EndGlobalSection
	GlobalSection(ProjectConfigurationPlatforms) = postSolution
		{30B69116-97BD-4637-9FA2-D4848CCB7416}.Debug|Any CPU.ActiveCfg = Debug|Any CPU
		{30B69116-97BD-4637-9FA2-D4848CCB7416}.Debug|Any CPU.Build.0 = Debug|Any CPU
		{30B69116-97BD-4637-9FA2-D4848CCB7416}.Debug|x64.ActiveCfg = Debug|Any CPU
		{30B69116-97BD-4637-9FA2-D4848CCB7416}.Debug|x64.Build.0 = Debug|Any CPU
		{30B69116-97BD-4637-9FA2-D4848CCB7416}.Debug|x86.ActiveCfg = Debug|Any CPU
		{30B69116-97BD-4637-9FA2-D4848CCB7416}.Debug|x86.Build.0 = Debug|Any CPU
		{30B69116-97BD-4637-9FA2-D4848CCB7416}.Release|Any CPU.ActiveCfg = Release|Any CPU
		{30B69116-97BD-4637-9FA2-D4848CCB7416}.Release|Any CPU.Build.0 = Release|Any CPU
		{30B69116-97BD-4637-9FA2-D4848CCB7416}.Release|x64.ActiveCfg = Release|Any CPU
		{30B69116-97BD-4637-9FA2-D4848CCB7416}.Release|x64.Build.0 = Release|Any CPU
		{30B69116-97BD-4637-9FA2-D4848CCB7416}.Release|x86.ActiveCfg = Release|Any CPU
		{30B69116-97BD-4637-9FA2-D4848CCB7416}.Release|x86.Build.0 = Release|Any CPU
		{0530FB01-D734-40D1-9912-0E0A7DD6D1C5}.Debug|Any CPU.ActiveCfg = Debug|Any CPU
		{0530FB01-D734-40D1-9912-0E0A7DD6D1C5}.Debug|Any CPU.Build.0 = Debug|Any CPU
		{0530FB01-D734-40D1-9912-0E0A7DD6D1C5}.Debug|x64.ActiveCfg = Debug|Any CPU
		{0530FB01-D734-40D1-9912-0E0A7DD6D1C5}.Debug|x64.Build.0 = Debug|Any CPU
		{0530FB01-D734-40D1-9912-0E0A7DD6D1C5}.Debug|x86.ActiveCfg = Debug|Any CPU
		{0530FB01-D734-40D1-9912-0E0A7DD6D1C5}.Debug|x86.Build.0 = Debug|Any CPU
		{0530FB01-D734-40D1-9912-0E0A7DD6D1C5}.Release|Any CPU.ActiveCfg = Release|Any CPU
		{0530FB01-D734-40D1-9912-0E0A7DD6D1C5}.Release|Any CPU.Build.0 = Release|Any CPU
		{0530FB01-D734-40D1-9912-0E0A7DD6D1C5}.Release|x64.ActiveCfg = Release|Any CPU
		{0530FB01-D734-40D1-9912-0E0A7DD6D1C5}.Release|x64.Build.0 = Release|Any CPU
		{0530FB01-D734-40D1-9912-0E0A7DD6D1C5}.Release|x86.ActiveCfg = Release|Any CPU
		{0530FB01-D734-40D1-9912-0E0A7DD6D1C5}.Release|x86.Build.0 = Release|Any CPU
		{1D366400-A543-4FB7-BFEE-9B1F6CB0900B}.Debug|Any CPU.ActiveCfg = Debug|Any CPU
		{1D366400-A543-4FB7-BFEE-9B1F6CB0900B}.Debug|Any CPU.Build.0 = Debug|Any CPU
		{1D366400-A543-4FB7-BFEE-9B1F6CB0900B}.Debug|x64.ActiveCfg = Debug|Any CPU
		{1D366400-A543-4FB7-BFEE-9B1F6CB0900B}.Debug|x64.Build.0 = Debug|Any CPU
		{1D366400-A543-4FB7-BFEE-9B1F6CB0900B}.Debug|x86.ActiveCfg = Debug|Any CPU
		{1D366400-A543-4FB7-BFEE-9B1F6CB0900B}.Debug|x86.Build.0 = Debug|Any CPU
		{1D366400-A543-4FB7-BFEE-9B1F6CB0900B}.Release|Any CPU.ActiveCfg = Release|Any CPU
		{1D366400-A543-4FB7-BFEE-9B1F6CB0900B}.Release|Any CPU.Build.0 = Release|Any CPU
		{1D366400-A543-4FB7-BFEE-9B1F6CB0900B}.Release|x64.ActiveCfg = Release|Any CPU
		{1D366400-A543-4FB7-BFEE-9B1F6CB0900B}.Release|x64.Build.0 = Release|Any CPU
		{1D366400-A543-4FB7-BFEE-9B1F6CB0900B}.Release|x86.ActiveCfg = Release|Any CPU
		{1D366400-A543-4FB7-BFEE-9B1F6CB0900B}.Release|x86.Build.0 = Release|Any CPU
		{A9ECF1D5-1432-4FAE-B8AD-B31C806EDF52}.Debug|Any CPU.ActiveCfg = Debug|Any CPU
		{A9ECF1D5-1432-4FAE-B8AD-B31C806EDF52}.Debug|Any CPU.Build.0 = Debug|Any CPU
		{A9ECF1D5-1432-4FAE-B8AD-B31C806EDF52}.Debug|x64.ActiveCfg = Debug|Any CPU
		{A9ECF1D5-1432-4FAE-B8AD-B31C806EDF52}.Debug|x64.Build.0 = Debug|Any CPU
		{A9ECF1D5-1432-4FAE-B8AD-B31C806EDF52}.Debug|x86.ActiveCfg = Debug|Any CPU
		{A9ECF1D5-1432-4FAE-B8AD-B31C806EDF52}.Debug|x86.Build.0 = Debug|Any CPU
		{A9ECF1D5-1432-4FAE-B8AD-B31C806EDF52}.Release|Any CPU.ActiveCfg = Release|Any CPU
		{A9ECF1D5-1432-4FAE-B8AD-B31C806EDF52}.Release|Any CPU.Build.0 = Release|Any CPU
		{A9ECF1D5-1432-4FAE-B8AD-B31C806EDF52}.Release|x64.ActiveCfg = Release|Any CPU
		{A9ECF1D5-1432-4FAE-B8AD-B31C806EDF52}.Release|x64.Build.0 = Release|Any CPU
		{A9ECF1D5-1432-4FAE-B8AD-B31C806EDF52}.Release|x86.ActiveCfg = Release|Any CPU
		{A9ECF1D5-1432-4FAE-B8AD-B31C806EDF52}.Release|x86.Build.0 = Release|Any CPU
	EndGlobalSection
	GlobalSection(SolutionProperties) = preSolution
		HideSolutionNode = FALSE
	EndGlobalSection
	GlobalSection(NestedProjects) = preSolution
		{30B69116-97BD-4637-9FA2-D4848CCB7416} = {827E0CD3-B72D-47B6-A68D-7590B98EB39B}
		{0530FB01-D734-40D1-9912-0E0A7DD6D1C5} = {827E0CD3-B72D-47B6-A68D-7590B98EB39B}
		{1D366400-A543-4FB7-BFEE-9B1F6CB0900B} = {827E0CD3-B72D-47B6-A68D-7590B98EB39B}
		{A9ECF1D5-1432-4FAE-B8AD-B31C806EDF52} = {827E0CD3-B72D-47B6-A68D-7590B98EB39B}
	EndGlobalSection
EndGlobal
